lockfileVersion: '9.0'

settings:
  autoInstallPeers: true
  excludeLinksFromLockfile: false

importers:

  .:
    dependencies:
      valibot:
        specifier: 1.0.0-beta.7
        version: 1.0.0-beta.7
    devDependencies:
      '@types/node':
        specifier: ^22.9.0
        version: 22.9.0

packages:

  '@types/node@22.9.0':
    resolution: {integrity: sha512-vuyHg81vvWA1Z1ELfvLko2c8f34gyA0zaic0+Rllc5lbCnbSyuvb2Oxpm6TAUAC/2xZN3QGqxBNggD1nNR2AfQ==}

  undici-types@6.19.8:
    resolution: {integrity: sha512-ve2KP6f/JnbPBFyobGHuerC9g1FYGn/F8n1LWTwNxCEzd6IfqTwUQcNXgEtmmQ6DlRrC1hrSrBnCZPokRrDHjw==}

  valibot@1.0.0-beta.7:
    resolution: {integrity: sha512-8CsDu3tqyg7quEHMzCOYdQ/d9NlmVQKtd4AlFje6oJpvqo70EIZjSakKIeWltJyNAiUtdtLe0LAk4625gavoeQ==}
    peerDependencies:
      typescript: '>=5'
    peerDependenciesMeta:
      typescript:
        optional: true

snapshots:

  '@types/node@22.9.0':
    dependencies:
      undici-types: 6.19.8

  undici-types@6.19.8: {}

  valibot@1.0.0-beta.7: {}
